
Microsoft Visual Studio Solution File, Format Version 12.00
# Visual Studio Version 17
VisualStudioVersion = 17.4.33213.308
MinimumVisualStudioVersion = 10.0.40219.1
Project("{FAE04EC0-301F-11D3-BF4B-00C04F79EFBC}") = "BetterTelloLib", "BetterTelloLib.csproj", "{7ADEEBF0-F905-4EFC-BD4D-1526093CC0F0}"
EndProject
Global
	GlobalSection(SolutionConfigurationPlatforms) = preSolution
		Debug|Any CPU = Debug|Any CPU
		Release|Any CPU = Release|Any CPU
	EndGlobalSection
	GlobalSection(ProjectConfigurationPlatforms) = postSolution
		{7ADEEBF0-F905-4EFC-BD4D-1526093CC0F0}.Debug|Any CPU.ActiveCfg = Debug|Any CPU
		{7ADEEBF0-F905-4EFC-BD4D-1526093CC0F0}.Debug|Any CPU.Build.0 = Debug|Any CPU
		{7ADEEBF0-F905-4EFC-BD4D-1526093CC0F0}.Release|Any CPU.ActiveCfg = Release|Any CPU
		{7ADEEBF0-F905-4EFC-BD4D-1526093CC0F0}.Release|Any CPU.Build.0 = Release|Any CPU
	EndGlobalSection
	GlobalSection(SolutionProperties) = preSolution
		HideSolutionNode = FALSE
	EndGlobalSection
	GlobalSection(ExtensibilityGlobals) = postSolution
		SolutionGuid = {F014863E-FF81-4D2D-A730-BE3AD9E6D266}
	EndGlobalSection
EndGlobal
